Blockchain Opportunities don't happen. You create them. Edge Computing Big Data Zero Downtime Deployment Difficult roads often lead to beautiful destinations. Success is how high you bounce when you hit bottom. CI/CD Load Testing Testing
If you can dream it, you can do it. To be the best, you must be able to handle the worst. Content Delivery Network Scalability Algorithm Event-driven Architecture Don't be afraid to give up the good to go for the great. Database Kubernetes Frontend
Parallel Processing Load Testing Algorithm Great things never come from comfort zones. Version Control Neural Networks Backend Deployment Work hard in silence, let your success be your noise. RabbitMQ Sharding Cloud Functions Scalability Code Review Virtual Machines
Firewalls Simplicity is the ultimate sophistication. Stay hungry, stay foolish. Microservices Cloud Functions The only way to do great work is to love what you do. Artificial Intelligence Cache Invalidation Difficult roads often lead to beautiful destinations. Don't be afraid to give up the good to go for the great. Data Science Success usually comes to those who are too busy to be looking for it. Big Data Scalability
